// !$*UTF8*$!
{
	archiveVersion = 1;
	classes = {
	};
	objectVersion = 50;
	objects = {

/* Begin PBXBuildFile section */
		D937E9A5235DD016004491BD /* WebViewController.swift in Sources */ = {isa = PBXBuildFile; fileRef = D937E9A4235DD016004491BD /* WebViewController.swift */; };
		D937E9C7236054E3004491BD /* url.swift in Sources */ = {isa = PBXBuildFile; fileRef = D937E9C6236054E3004491BD /* url.swift */; };
		D937E9CB2366EB05004491BD /* MenuViewController.swift in Sources */ = {isa = PBXBuildFile; fileRef = D937E9CA2366EB05004491BD /* MenuViewController.swift */; };
		D937E9CD2366EB2D004491BD /* MenuTableViewCell.swift in Sources */ = {isa = PBXBuildFile; fileRef = D937E9CC2366EB2D004491BD /* MenuTableViewCell.swift */; };
		D95110AD2354B62900DC4454 /* ArticleCell.swift in Sources */ = {isa = PBXBuildFile; fileRef = D95110AC2354B62900DC4454 /* ArticleCell.swift */; };
		D95110AF2354BF3000DC4454 /* Article.swift in Sources */ = {isa = PBXBuildFile; fileRef = D95110AE2354BF3000DC4454 /* Article.swift */; };
		D955A445234B5D4D00337C87 /* AppDelegate.swift in Sources */ = {isa = PBXBuildFile; fileRef = D955A444234B5D4D00337C87 /* AppDelegate.swift */; };
		D955A447234B5D4D00337C87 /* ViewController.swift in Sources */ = {isa = PBXBuildFile; fileRef = D955A446234B5D4D00337C87 /* ViewController.swift */; };
		D955A44A234B5D4D00337C87 /* Main.storyboard in Resources */ = {isa = PBXBuildFile; fileRef = D955A448234B5D4D00337C87 /* Main.storyboard */; };
		D955A44D234B5D4D00337C87 /* News.xcdatamodeld in Sources */ = {isa = PBXBuildFile; fileRef = D955A44B234B5D4D00337C87 /* News.xcdatamodeld */; };
		D955A44F234B5D4F00337C87 /* Assets.xcassets in Resources */ = {isa = PBXBuildFile; fileRef = D955A44E234B5D4F00337C87 /* Assets.xcassets */; };
		D955A452234B5D4F00337C87 /* LaunchScreen.storyboard in Resources */ = {isa = PBXBuildFile; fileRef = D955A450234B5D4F00337C87 /* LaunchScreen.storyboard */; };
/* End PBXBuildFile section */

/* Begin PBXFileReference section */
		D937E9A4235DD016004491BD /* WebViewController.swift */ = {isa = PBXFileReference; lastKnownFileType = sourcecode.swift; path = WebViewController.swift; sourceTree = "<group>"; };
		D937E9C6236054E3004491BD /* url.swift */ = {isa = PBXFileReference; lastKnownFileType = sourcecode.swift; path = url.swift; sourceTree = "<group>"; };
		D937E9CA2366EB05004491BD /* MenuViewController.swift */ = {isa = PBXFileReference; lastKnownFileType = sourcecode.swift; path = MenuViewController.swift; sourceTree = "<group>"; };
		D937E9CC2366EB2D004491BD /* MenuTableViewCell.swift */ = {isa = PBXFileReference; lastKnownFileType = sourcecode.swift; path = MenuTableViewCell.swift; sourceTree = "<group>"; };
		D95110AC2354B62900DC4454 /* ArticleCell.swift */ = {isa = PBXFileReference; lastKnownFileType = sourcecode.swift; path = ArticleCell.swift; sourceTree = "<group>"; };
		D95110AE2354BF3000DC4454 /* Article.swift */ = {isa = PBXFileReference; lastKnownFileType = sourcecode.swift; path = Article.swift; sourceTree = "<group>"; };
		D955A441234B5D4D00337C87 /* News.app */ = {isa = PBXFileReference; explicitFileType = wrapper.application; includeInIndex = 0; path = News.app; sourceTree = BUILT_PRODUCTS_DIR; };
		D955A444234B5D4D00337C87 /* AppDelegate.swift */ = {isa = PBXFileReference; lastKnownFileType = sourcecode.swift; path = AppDelegate.swift; sourceTree = "<group>"; };
		D955A446234B5D4D00337C87 /* ViewController.swift */ = {isa = PBXFileReference; lastKnownFileType = sourcecode.swift; path = ViewController.swift; sourceTree = "<group>"; };
		D955A449234B5D4D00337C87 /* Base */ = {isa = PBXFileReference; lastKnownFileType = file.storyboard; name = Base; path = Base.lproj/Main.storyboard; sourceTree = "<group>"; };
		D955A44C234B5D4D00337C87 /* News.xcdatamodel */ = {isa = PBXFileReference; lastKnownFileType = wrapper.xcdatamodel; path = News.xcdatamodel; sourceTree = "<group>"; };
		D955A44E234B5D4F00337C87 /* Assets.xcassets */ = {isa = PBXFileReference; lastKnownFileType = folder.assetcatalog; path = Assets.xcassets; sourceTree = "<group>"; };
		D955A451234B5D4F00337C87 /* Base */ = {isa = PBXFileReference; lastKnownFileType = file.storyboard; name = Base; path = Base.lproj/LaunchScreen.storyboard; sourceTree = "<group>"; };
		D955A453234B5D4F00337C87 /* Info.plist */ = {isa = PBXFileReference; lastKnownFileType = text.plist.xml; path = Info.plist; sourceTree = "<group>"; };
/* End PBXFileReference section */

/* Begin PBXFrameworksBuildPhase section */
		D955A43E234B5D4D00337C87 /* Frameworks */ = {
			isa = PBXFrameworksBuildPhase;
			buildActionMask = 2147483647;
			files = (
			);
			runOnlyForDeploymentPostprocessing = 0;
		};
/* End PBXFrameworksBuildPhase section */

/* Begin PBXGroup section */
		D955A438234B5D4D00337C87 = {
			isa = PBXGroup;
			children = (
				D955A443234B5D4D00337C87 /* News */,
				D955A442234B5D4D00337C87 /* Products */,
			);
			sourceTree = "<group>";
		};
		D955A442234B5D4D00337C87 /* Products */ = {
			isa = PBXGroup;
			children = (
				D955A441234B5D4D00337C87 /* News.app */,
			);
			name = Products;
			sourceTree = "<group>";
		};
		D955A443234B5D4D00337C87 /* News */ = {
			isa = PBXGroup;
			children = (
				D955A444234B5D4D00337C87 /* AppDelegate.swift */,
				D955A448234B5D4D00337C87 /* Main.storyboard */,
				D955A446234B5D4D00337C87 /* ViewController.swift */,
				D937E9A4235DD016004491BD /* WebViewController.swift */,
				D937E9C6236054E3004491BD /* url.swift */,
				D95110AC2354B62900DC4454 /* ArticleCell.swift */,
				D95110AE2354BF3000DC4454 /* Article.swift */,
				D937E9CA2366EB05004491BD /* MenuViewController.swift */,
				D937E9CC2366EB2D004491BD /* MenuTableViewCell.swift */,
				D955A44E234B5D4F00337C87 /* Assets.xcassets */,
				D955A450234B5D4F00337C87 /* LaunchScreen.storyboard */,
				D955A453234B5D4F00337C87 /* Info.plist */,
				D955A44B234B5D4D00337C87 /* News.xcdatamodeld */,
			);
			path = News;
			sourceTree = "<group>";
		};
/* End PBXGroup section */

/* Begin PBXNativeTarget section */
		D955A440234B5D4D00337C87 /* News */ = {
			isa = PBXNativeTarget;
			buildConfigurationList = D955A456234B5D4F00337C87 /* Build configuration list for PBXNativeTarget "News" */;
			buildPhases = (
				D955A43D234B5D4D00337C87 /* Sources */,
				D955A43E234B5D4D00337C87 /* Frameworks */,
				D955A43F234B5D4D00337C87 /* Resources */,
			);
			buildRules = (
			);
			dependencies = (
			);
			name = News;
			productName = News;
			productReference = D955A441234B5D4D00337C87 /* News.app */;
			productType = "com.apple.product-type.application";
		};
/* End PBXNativeTarget section */

/* Begin PBXProject section */
		D955A439234B5D4D00337C87 /* Project object */ = {
			isa = PBXProject;
			attributes = {
				LastSwiftUpdateCheck = 1030;
				LastUpgradeCheck = 1030;
				ORGANIZATIONNAME = "Igor Lungis";
				TargetAttributes = {
					D955A440234B5D4D00337C87 = {
						CreatedOnToolsVersion = 10.3;
					};
				};
			};
			buildConfigurationList = D955A43C234B5D4D00337C87 /* Build configuration list for PBXProject "News" */;
			compatibilityVersion = "Xcode 9.3";
			developmentRegion = en;
			hasScannedForEncodings = 0;
			knownRegions = (
				en,
				Base,
			);
			mainGroup = D955A438234B5D4D00337C87;
			productRefGroup = D955A442234B5D4D00337C87 /* Products */;
			projectDirPath = "";
			projectRoot = "";
			targets = (
				D955A440234B5D4D00337C87 /* News */,
			);
		};
/* End PBXProject section */

/* Begin PBXResourcesBuildPhase section */
		D955A43F234B5D4D00337C87 /* Resources */ = {
			isa = PBXResourcesBuildPhase;
			buildActionMask = 2147483647;
			files = (
				D955A452234B5D4F00337C87 /* LaunchScreen.storyboard in Resources */,
				D955A44F234B5D4F00337C87 /* Assets.xcassets in Resources */,
				D955A44A234B5D4D00337C87 /* Main.storyboard in Resources */,
			);
			runOnlyForDeploymentPostprocessing = 0;
		};
/* End PBXResourcesBuildPhase section */

/* Begin PBXSourcesBuildPhase section */
		D955A43D234B5D4D00337C87 /* Sources */ = {
			isa = PBXSourcesBuildPhase;
			buildActionMask = 2147483647;
			files = (
				D95110AD2354B62900DC4454 /* ArticleCell.swift in Sources */,
				D937E9A5235DD016004491BD /* WebViewController.swift in Sources */,
				D955A447234B5D4D00337C87 /* ViewController.swift in Sources */,
				D955A44D234B5D4D00337C87 /* News.xcdatamodeld in Sources */,
				D955A445234B5D4D00337C87 /* AppDelegate.swift in Sources */,
				D937E9CD2366EB2D004491BD /* MenuTableViewCell.swift in Sources */,
				D95110AF2354BF3000DC4454 /* Article.swift in Sources */,
				D937E9C7236054E3004491BD /* url.swift in Sources */,
				D937E9CB2366EB05004491BD /* MenuViewController.swift in Sources */,
			);
			runOnlyForDeploymentPostprocessing = 0;
		};
/* End PBXSourcesBuildPhase section */

/* Begin PBXVariantGroup section */
		D955A448234B5D4D00337C87 /* Main.storyboard */ = {
			isa = PBXVariantGroup;
			children = (
				D955A449234B5D4D00337C87 /* Base */,
			);
			name = Main.storyboard;
			sourceTree = "<group>";
		};
		D955A450234B5D4F00337C87 /* LaunchScreen.storyboard */ = {
			isa = PBXVariantGroup;
			children = (
				D955A451234B5D4F00337C87 /* Base */,
			);
			name = LaunchScreen.storyboard;
			sourceTree = "<group>";
		};
/* End PBXVariantGroup section */

/* Begin XCBuildConfiguration section */
		D955A454234B5D4F00337C87 /* Debug */ = {
			isa = XCBuildConfiguration;
			buildSettings = {
				ALWAYS_SEARCH_USER_PATHS = NO;
				CLANG_ANALYZER_NONNULL = YES;
				CLANG_ANALYZER_NUMBER_OBJECT_CONVERSION = YES_AGGRESSIVE;
				CLANG_CXX_LANGUAGE_STANDARD = "gnu++14";
				CLANG_CXX_LIBRARY = "libc++";
				CLANG_ENABLE_MODULES = YES;
				CLANG_ENABLE_OBJC_ARC = YES;
				CLANG_ENABLE_OBJC_WEAK = YES;
				CLANG_WARN_BLOCK_CAPTURE_AUTORELEASING = YES;
				CLANG_WARN_BOOL_CONVERSION = YES;
				CLANG_WARN_COMMA = YES;
				CLANG_WARN_CONSTANT_CONVERSION = YES;
				CLANG_WARN_DEPRECATED_OBJC_IMPLEMENTATIONS = YES;
				CLANG_WARN_DIRECT_OBJC_ISA_USAGE = YES_ERROR;
				CLANG_WARN_DOCUMENTATION_COMMENTS = YES;
				CLANG_WARN_EMPTY_BODY = YES;
				CLANG_WARN_ENUM_CONVERSION = YES;
				CLANG_WARN_INFINITE_RECURSION = YES;
				CLANG_WARN_INT_CONVERSION = YES;
				CLANG_WARN_NON_LITERAL_NULL_CONVERSION = YES;
				CLANG_WARN_OBJC_IMPLICIT_RETAIN_SELF = YES;
				CLANG_WARN_OBJC_LITERAL_CONVERSION = YES;
				CLANG_WARN_OBJC_ROOT_CLASS = YES_ERROR;
				CLANG_WARN_RANGE_LOOP_ANALYSIS = YES;
				CLANG_WARN_STRICT_PROTOTYPES = YES;
				CLANG_WARN_SUSPICIOUS_MOVE = YES;
				CLANG_WARN_UNGUARDED_AVAILABILITY = YES_AGGRESSIVE;
				CLANG_WARN_UNREACHABLE_CODE = YES;
				CLANG_WARN__DUPLICATE_METHOD_MATCH = YES;
				CODE_SIGN_IDENTITY = "iPhone Developer";
				COPY_PHASE_STRIP = NO;
				DEBUG_INFORMATION_FORMAT = dwarf;
				ENABLE_STRICT_OBJC_MSGSEND = YES;
				ENABLE_TESTABILITY = YES;
				GCC_C_LANGUAGE_STANDARD = gnu11;
				GCC_DYNAMIC_NO_PIC = NO;
				GCC_NO_COMMON_BLOCKS = YES;
				GCC_OPTIMIZATION_LEVEL = 0;
				GCC_PREPROCESSOR_DEFINITIONS = (
					"DEBUG=1",
					"$(inherited)",
				);
				GCC_WARN_64_TO_32_BIT_CONVERSION = YES;
				GCC_WARN_ABOUT_RETURN_TYPE = YES_ERROR;
				GCC_WARN_UNDECLARED_SELECTOR = YES;
				GCC_WARN_UNINITIALIZED_AUTOS = YES_AGGRESSIVE;
				GCC_WARN_UNUSED_FUNCTION = YES;
				GCC_WARN_UNUSED_VARIABLE = YES;
				IPHONEOS_DEPLOYMENT_TARGET = 12.4;
				MTL_ENABLE_DEBUG_INFO = INCLUDE_SOURCE;
				MTL_FAST_MATH = YES;
				ONLY_ACTIVE_ARCH = YES;
				SDKROOT = iphoneos;
				SWIFT_ACTIVE_COMPILATION_CONDITIONS = DEBUG;
				SWIFT_OPTIMIZATION_LEVEL = "-Onone";
			};
			name = Debug;
		};
		D955A455234B5D4F00337C87 /* Release */ = {
			isa = XCBuildConfiguration;
			buildSettings = {
				ALWAYS_SEARCH_USER_PATHS = NO;
				CLANG_ANALYZER_NONNULL = YES;
				CLANG_ANALYZER_NUMBER_OBJECT_CONVERSION = YES_AGGRESSIVE;
				CLANG_CXX_LANGUAGE_STANDARD = "gnu++14";
				CLANG_CXX_LIBRARY = "libc++";
				CLANG_ENABLE_MODULES = YES;
				CLANG_ENABLE_OBJC_ARC = YES;
				CLANG_ENABLE_OBJC_WEAK = YES;
				CLANG_WARN_BLOCK_CAPTURE_AUTORELEASING = YES;
				CLANG_WARN_BOOL_CONVERSION = YES;
				CLANG_WARN_COMMA = YES;
				CLANG_WARN_CONSTANT_CONVERSION = YES;
				CLANG_WARN_DEPRECATED_OBJC_IMPLEMENTATIONS = YES;
				CLANG_WARN_DIRECT_OBJC_ISA_USAGE = YES_ERROR;
				CLANG_WARN_DOCUMENTATION_COMMENTS = YES;
				CLANG_WARN_EMPTY_BODY = YES;
				CLANG_WARN_ENUM_CONVERSION = YES;
				CLANG_WARN_INFINITE_RECURSION = YES;
				CLANG_WARN_INT_CONVERSION = YES;
				CLANG_WARN_NON_LITERAL_NULL_CONVERSION = YES;
				CLANG_WARN_OBJC_IMPLICIT_RETAIN_SELF = YES;
				CLANG_WARN_OBJC_LITERAL_CONVERSION = YES;
				CLANG_WARN_OBJC_ROOT_CLASS = YES_ERROR;
				CLANG_WARN_RANGE_LOOP_ANALYSIS = YES;
				CLANG_WARN_STRICT_PROTOTYPES = YES;
				CLANG_WARN_SUSPICIOUS_MOVE = YES;
				CLANG_WARN_UNGUARDED_AVAILABILITY = YES_AGGRESSIVE;
				CLANG_WARN_UNREACHABLE_CODE = YES;
				CLANG_WARN__DUPLICATE_METHOD_MATCH = YES;
				CODE_SIGN_IDENTITY = "iPhone Developer";
				COPY_PHASE_STRIP = NO;
				DEBUG_INFORMATION_FORMAT = "dwarf-with-dsym";
				ENABLE_NS_ASSERTIONS = NO;
				ENABLE_STRICT_OBJC_MSGSEND = YES;
				GCC_C_LANGUAGE_STANDARD = gnu11;
				GCC_NO_COMMON_BLOCKS = YES;
				GCC_WARN_64_TO_32_BIT_CONVERSION = YES;
				GCC_WARN_ABOUT_RETURN_TYPE = YES_ERROR;
				GCC_WARN_UNDECLARED_SELECTOR = YES;
				GCC_WARN_UNINITIALIZED_AUTOS = YES_AGGRESSIVE;
				GCC_WARN_UNUSED_FUNCTION = YES;
				GCC_WARN_UNUSED_VARIABLE = YES;
				IPHONEOS_DEPLOYMENT_TARGET = 12.4;
				MTL_ENABLE_DEBUG_INFO = NO;
				MTL_FAST_MATH = YES;
				SDKROOT = iphoneos;
				SWIFT_COMPILATION_MODE = wholemodule;
				SWIFT_OPTIMIZATION_LEVEL = "-O";
				VALIDATE_PRODUCT = YES;
			};
			name = Release;
		};
		D955A457234B5D4F00337C87 /* Debug */ = {
			isa = XCBuildConfiguration;
			buildSettings = {
				ASSETCATALOG_COMPILER_APPICON_NAME = AppIcon;
				CODE_SIGN_STYLE = Automatic;
				DEVELOPMENT_TEAM = 3HTPLJDMVN;
				INFOPLIST_FILE = News/Info.plist;
				LD_RUNPATH_SEARCH_PATHS = (
					"$(inherited)",
					"@executable_path/Frameworks",
				);
				PRODUCT_BUNDLE_IDENTIFIER = igor.testapp.News;
				PRODUCT_NAME = "$(TARGET_NAME)";
				SWIFT_VERSION = 5.0;
				TARGETED_DEVICE_FAMILY = "1,2";
			};
			name = Debug;
		};
		D955A458234B5D4F00337C87 /* Release */ = {
			isa = XCBuildConfiguration;
			buildSettings = {
				ASSETCATALOG_COMPILER_APPICON_NAME = AppIcon;
				CODE_SIGN_STYLE = Automatic;
				DEVELOPMENT_TEAM = 3HTPLJDMVN;
				INFOPLIST_FILE = News/Info.plist;
				LD_RUNPATH_SEARCH_PATHS = (
					"$(inherited)",
					"@executable_path/Frameworks",
				);
				PRODUCT_BUNDLE_IDENTIFIER = igor.testapp.News;
				PRODUCT_NAME = "$(TARGET_NAME)";
				SWIFT_VERSION = 5.0;
				TARGETED_DEVICE_FAMILY = "1,2";
			};
			name = Release;
		};
/* End XCBuildConfiguration section */

/* Begin XCConfigurationList section */
		D955A43C234B5D4D00337C87 /* Build configuration list for PBXProject "News" */ = {
			isa = XCConfigurationList;
			buildConfigurations = (
				D955A454234B5D4F00337C87 /* Debug */,
				D955A455234B5D4F00337C87 /* Release */,
			);
			defaultConfigurationIsVisible = 0;
			defaultConfigurationName = Release;
		};
		D955A456234B5D4F00337C87 /* Build configuration list for PBXNativeTarget "News" */ = {
			isa = XCConfigurationList;
			buildConfigurations = (
				D955A457234B5D4F00337C87 /* Debug */,
				D955A458234B5D4F00337C87 /* Release */,
			);
			defaultConfigurationIsVisible = 0;
			defaultConfigurationName = Release;
		};
/* End XCConfigurationList section */

/* Begin XCVersionGroup section */
		D955A44B234B5D4D00337C87 /* News.xcdatamodeld */ = {
			isa = XCVersionGroup;
			children = (
				D955A44C234B5D4D00337C87 /* News.xcdatamodel */,
			);
			currentVersion = D955A44C234B5D4D00337C87 /* News.xcdatamodel */;
			path = News.xcdatamodeld;
			sourceTree = "<group>";
			versionGroupType = wrapper.xcdatamodel;
		};
/* End XCVersionGroup section */
	};
	rootObject = D955A439234B5D4D00337C87 /* Project object */;
}
